// !$*UTF8*$!
{
	archiveVersion = 1;
	classes = {
	};
	objectVersion = 46;
	objects = {

/* Begin PBXBuildFile section */
		BFCE617C1832428900A9E3AB /* Foundation.framework in Frameworks */ = {isa = PBXBuildFile; fileRef = BFCE617B1832428900A9E3AB /* Foundation.framework */; };
		BFCE617E1832428900A9E3AB /* CoreGraphics.framework in Frameworks */ = {isa = PBXBuildFile; fileRef = BFCE617D1832428900A9E3AB /* CoreGraphics.framework */; };
		BFCE61801832428900A9E3AB /* UIKit.framework in Frameworks */ = {isa = PBXBuildFile; fileRef = BFCE617F1832428900A9E3AB /* UIKit.framework */; };
		BFCE61861832428900A9E3AB /* InfoPlist.strings in Resources */ = {isa = PBXBuildFile; fileRef = BFCE61841832428900A9E3AB /* InfoPlist.strings */; };
		BFCE61881832428900A9E3AB /* main.m in Sources */ = {isa = PBXBuildFile; fileRef = BFCE61871832428900A9E3AB /* main.m */; };
		BFCE618C1832428900A9E3AB /* PageTestAppDelegate.m in Sources */ = {isa = PBXBuildFile; fileRef = BFCE618B1832428900A9E3AB /* PageTestAppDelegate.m */; };
		BFCE618F1832428900A9E3AB /* PageTestRootViewController.m in Sources */ = {isa = PBXBuildFile; fileRef = BFCE618E1832428900A9E3AB /* PageTestRootViewController.m */; };
		BFCE61921832428900A9E3AB /* PageTestDataViewController.m in Sources */ = {isa = PBXBuildFile; fileRef = BFCE61911832428900A9E3AB /* PageTestDataViewController.m */; };
		BFCE61951832428900A9E3AB /* PageTestModelController.m in Sources */ = {isa = PBXBuildFile; fileRef = BFCE61941832428900A9E3AB /* PageTestModelController.m */; };
		BFCE61981832428900A9E3AB /* Main.storyboard in Resources */ = {isa = PBXBuildFile; fileRef = BFCE61961832428900A9E3AB /* Main.storyboard */; };
		BFCE619A1832428900A9E3AB /* Images.xcassets in Resources */ = {isa = PBXBuildFile; fileRef = BFCE61991832428900A9E3AB /* Images.xcassets */; };
		BFCE61A11832428900A9E3AB /* XCTest.framework in Frameworks */ = {isa = PBXBuildFile; fileRef = BFCE61A01832428900A9E3AB /* XCTest.framework */; };
		BFCE61A21832428900A9E3AB /* Foundation.framework in Frameworks */ = {isa = PBXBuildFile; fileRef = BFCE617B1832428900A9E3AB /* Foundation.framework */; };
		BFCE61A31832428900A9E3AB /* UIKit.framework in Frameworks */ = {isa = PBXBuildFile; fileRef = BFCE617F1832428900A9E3AB /* UIKit.framework */; };
		BFCE61AB1832428900A9E3AB /* InfoPlist.strings in Resources */ = {isa = PBXBuildFile; fileRef = BFCE61A91832428900A9E3AB /* InfoPlist.strings */; };
		BFCE61AD1832428900A9E3AB /* PageTestTests.m in Sources */ = {isa = PBXBuildFile; fileRef = BFCE61AC1832428900A9E3AB /* PageTestTests.m */; };
/* End PBXBuildFile section */

/* Begin PBXContainerItemProxy section */
		BFCE61A41832428900A9E3AB /* PBXContainerItemProxy */ = {
			isa = PBXContainerItemProxy;
			containerPortal = BFCE61701832428900A9E3AB /* Project object */;
			proxyType = 1;
			remoteGlobalIDString = BFCE61771832428900A9E3AB;
			remoteInfo = PageTest;
		};
/* End PBXContainerItemProxy section */

/* Begin PBXFileReference section */
		BFCE61781832428900A9E3AB /* PageTest.app */ = {isa = PBXFileReference; explicitFileType = wrapper.application; includeInIndex = 0; path = PageTest.app; sourceTree = BUILT_PRODUCTS_DIR; };
		BFCE617B1832428900A9E3AB /* Foundation.framework */ = {isa = PBXFileReference; lastKnownFileType = wrapper.framework; name = Foundation.framework; path = System/Library/Frameworks/Foundation.framework; sourceTree = SDKROOT; };
		BFCE617D1832428900A9E3AB /* CoreGraphics.framework */ = {isa = PBXFileReference; lastKnownFileType = wrapper.framework; name = CoreGraphics.framework; path = System/Library/Frameworks/CoreGraphics.framework; sourceTree = SDKROOT; };
		BFCE617F1832428900A9E3AB /* UIKit.framework */ = {isa = PBXFileReference; lastKnownFileType = wrapper.framework; name = UIKit.framework; path = System/Library/Frameworks/UIKit.framework; sourceTree = SDKROOT; };
		BFCE61831832428900A9E3AB /* PageTest-Info.plist */ = {isa = PBXFileReference; lastKnownFileType = text.plist.xml; path = "PageTest-Info.plist"; sourceTree = "<group>"; };
		BFCE61851832428900A9E3AB /* en */ = {isa = PBXFileReference; lastKnownFileType = text.plist.strings; name = en; path = en.lproj/InfoPlist.strings; sourceTree = "<group>"; };
		BFCE61871832428900A9E3AB /* main.m */ = {isa = PBXFileReference; lastKnownFileType = sourcecode.c.objc; path = main.m; sourceTree = "<group>"; };
		BFCE61891832428900A9E3AB /* PageTest-Prefix.pch */ = {isa = PBXFileReference; lastKnownFileType = sourcecode.c.h; path = "PageTest-Prefix.pch"; sourceTree = "<group>"; };
		BFCE618A1832428900A9E3AB /* PageTestAppDelegate.h */ = {isa = PBXFileReference; lastKnownFileType = sourcecode.c.h; path = PageTestAppDelegate.h; sourceTree = "<group>"; };
		BFCE618B1832428900A9E3AB /* PageTestAppDelegate.m */ = {isa = PBXFileReference; lastKnownFileType = sourcecode.c.objc; path = PageTestAppDelegate.m; sourceTree = "<group>"; };
		BFCE618D1832428900A9E3AB /* PageTestRootViewController.h */ = {isa = PBXFileReference; lastKnownFileType = sourcecode.c.h; path = PageTestRootViewController.h; sourceTree = "<group>"; };
		BFCE618E1832428900A9E3AB /* PageTestRootViewController.m */ = {isa = PBXFileReference; lastKnownFileType = sourcecode.c.objc; path = PageTestRootViewController.m; sourceTree = "<group>"; };
		BFCE61901832428900A9E3AB /* PageTestDataViewController.h */ = {isa = PBXFileReference; lastKnownFileType = sourcecode.c.h; path = PageTestDataViewController.h; sourceTree = "<group>"; };
		BFCE61911832428900A9E3AB /* PageTestDataViewController.m */ = {isa = PBXFileReference; lastKnownFileType = sourcecode.c.objc; path = PageTestDataViewController.m; sourceTree = "<group>"; };
		BFCE61931832428900A9E3AB /* PageTestModelController.h */ = {isa = PBXFileReference; lastKnownFileType = sourcecode.c.h; path = PageTestModelController.h; sourceTree = "<group>"; };
		BFCE61941832428900A9E3AB /* PageTestModelController.m */ = {isa = PBXFileReference; lastKnownFileType = sourcecode.c.objc; path = PageTestModelController.m; sourceTree = "<group>"; };
		BFCE61971832428900A9E3AB /* Base */ = {isa = PBXFileReference; lastKnownFileType = file.storyboard; name = Base; path = Base.lproj/Main.storyboard; sourceTree = "<group>"; };
		BFCE61991832428900A9E3AB /* Images.xcassets */ = {isa = PBXFileReference; lastKnownFileType = folder.assetcatalog; path = Images.xcassets; sourceTree = "<group>"; };
		BFCE619F1832428900A9E3AB /* PageTestTests.xctest */ = {isa = PBXFileReference; explicitFileType = wrapper.cfbundle; includeInIndex = 0; path = PageTestTests.xctest; sourceTree = BUILT_PRODUCTS_DIR; };
		BFCE61A01832428900A9E3AB /* XCTest.framework */ = {isa = PBXFileReference; lastKnownFileType = wrapper.framework; name = XCTest.framework; path = Library/Frameworks/XCTest.framework; sourceTree = DEVELOPER_DIR; };
		BFCE61A81832428900A9E3AB /* PageTestTests-Info.plist */ = {isa = PBXFileReference; lastKnownFileType = text.plist.xml; path = "PageTestTests-Info.plist"; sourceTree = "<group>"; };
		BFCE61AA1832428900A9E3AB /* en */ = {isa = PBXFileReference; lastKnownFileType = text.plist.strings; name = en; path = en.lproj/InfoPlist.strings; sourceTree = "<group>"; };
		BFCE61AC1832428900A9E3AB /* PageTestTests.m */ = {isa = PBXFileReference; lastKnownFileType = sourcecode.c.objc; path = PageTestTests.m; sourceTree = "<group>"; };
/* End PBXFileReference section */

/* Begin PBXFrameworksBuildPhase section */
		BFCE61751832428900A9E3AB /* Frameworks */ = {
			isa = PBXFrameworksBuildPhase;
			buildActionMask = 2147483647;
			files = (
				BFCE617E1832428900A9E3AB /* CoreGraphics.framework in Frameworks */,
				BFCE61801832428900A9E3AB /* UIKit.framework in Frameworks */,
				BFCE617C1832428900A9E3AB /* Foundation.framework in Frameworks */,
			);
			runOnlyForDeploymentPostprocessing = 0;
		};
		BFCE619C1832428900A9E3AB /* Frameworks */ = {
			isa = PBXFrameworksBuildPhase;
			buildActionMask = 2147483647;
			files = (
				BFCE61A11832428900A9E3AB /* XCTest.framework in Frameworks */,
				BFCE61A31832428900A9E3AB /* UIKit.framework in Frameworks */,
				BFCE61A21832428900A9E3AB /* Foundation.framework in Frameworks */,
			);
			runOnlyForDeploymentPostprocessing = 0;
		};
/* End PBXFrameworksBuildPhase section */

/* Begin PBXGroup section */
		BFCE616F1832428900A9E3AB = {
			isa = PBXGroup;
			children = (
				BFCE61811832428900A9E3AB /* PageTest */,
				BFCE61A61832428900A9E3AB /* PageTestTests */,
				BFCE617A1832428900A9E3AB /* Frameworks */,
				BFCE61791832428900A9E3AB /* Products */,
			);
			sourceTree = "<group>";
		};
		BFCE61791832428900A9E3AB /* Products */ = {
			isa = PBXGroup;
			children = (
				BFCE61781832428900A9E3AB /* PageTest.app */,
				BFCE619F1832428900A9E3AB /* PageTestTests.xctest */,
			);
			name = Products;
			sourceTree = "<group>";
		};
		BFCE617A1832428900A9E3AB /* Frameworks */ = {
			isa = PBXGroup;
			children = (
				BFCE617B1832428900A9E3AB /* Foundation.framework */,
				BFCE617D1832428900A9E3AB /* CoreGraphics.framework */,
				BFCE617F1832428900A9E3AB /* UIKit.framework */,
				BFCE61A01832428900A9E3AB /* XCTest.framework */,
			);
			name = Frameworks;
			sourceTree = "<group>";
		};
		BFCE61811832428900A9E3AB /* PageTest */ = {
			isa = PBXGroup;
			children = (
				BFCE618A1832428900A9E3AB /* PageTestAppDelegate.h */,
				BFCE618B1832428900A9E3AB /* PageTestAppDelegate.m */,
				BFCE618D1832428900A9E3AB /* PageTestRootViewController.h */,
				BFCE618E1832428900A9E3AB /* PageTestRootViewController.m */,
				BFCE61901832428900A9E3AB /* PageTestDataViewController.h */,
				BFCE61911832428900A9E3AB /* PageTestDataViewController.m */,
				BFCE61931832428900A9E3AB /* PageTestModelController.h */,
				BFCE61941832428900A9E3AB /* PageTestModelController.m */,
				BFCE61961832428900A9E3AB /* Main.storyboard */,
				BFCE61991832428900A9E3AB /* Images.xcassets */,
				BFCE61821832428900A9E3AB /* Supporting Files */,
			);
			path = PageTest;
			sourceTree = "<group>";
		};
		BFCE61821832428900A9E3AB /* Supporting Files */ = {
			isa = PBXGroup;
			children = (
				BFCE61831832428900A9E3AB /* PageTest-Info.plist */,
				BFCE61841832428900A9E3AB /* InfoPlist.strings */,
				BFCE61871832428900A9E3AB /* main.m */,
				BFCE61891832428900A9E3AB /* PageTest-Prefix.pch */,
			);
			name = "Supporting Files";
			sourceTree = "<group>";
		};
		BFCE61A61832428900A9E3AB /* PageTestTests */ = {
			isa = PBXGroup;
			children = (
				BFCE61AC1832428900A9E3AB /* PageTestTests.m */,
				BFCE61A71832428900A9E3AB /* Supporting Files */,
			);
			path = PageTestTests;
			sourceTree = "<group>";
		};
		BFCE61A71832428900A9E3AB /* Supporting Files */ = {
			isa = PBXGroup;
			children = (
				BFCE61A81832428900A9E3AB /* PageTestTests-Info.plist */,
				BFCE61A91832428900A9E3AB /* InfoPlist.strings */,
			);
			name = "Supporting Files";
			sourceTree = "<group>";
		};
/* End PBXGroup section */

/* Begin PBXNativeTarget section */
		BFCE61771832428900A9E3AB /* PageTest */ = {
			isa = PBXNativeTarget;
			buildConfigurationList = BFCE61B01832428900A9E3AB /* Build configuration list for PBXNativeTarget "PageTest" */;
			buildPhases = (
				BFCE61741832428900A9E3AB /* Sources */,
				BFCE61751832428900A9E3AB /* Frameworks */,
				BFCE61761832428900A9E3AB /* Resources */,
			);
			buildRules = (
			);
			dependencies = (
			);
			name = PageTest;
			productName = PageTest;
			productReference = BFCE61781832428900A9E3AB /* PageTest.app */;
			productType = "com.apple.product-type.application";
		};
		BFCE619E1832428900A9E3AB /* PageTestTests */ = {
			isa = PBXNativeTarget;
			buildConfigurationList = BFCE61B31832428900A9E3AB /* Build configuration list for PBXNativeTarget "PageTestTests" */;
			buildPhases = (
				BFCE619B1832428900A9E3AB /* Sources */,
				BFCE619C1832428900A9E3AB /* Frameworks */,
				BFCE619D1832428900A9E3AB /* Resources */,
			);
			buildRules = (
			);
			dependencies = (
				BFCE61A51832428900A9E3AB /* PBXTargetDependency */,
			);
			name = PageTestTests;
			productName = PageTestTests;
			productReference = BFCE619F1832428900A9E3AB /* PageTestTests.xctest */;
			productType = "com.apple.product-type.bundle.unit-test";
		};
/* End PBXNativeTarget section */

/* Begin PBXProject section */
		BFCE61701832428900A9E3AB /* Project object */ = {
			isa = PBXProject;
			attributes = {
				CLASSPREFIX = PageTest;
				LastUpgradeCheck = 0500;
				ORGANIZATIONNAME = "Charles Cheever";
				TargetAttributes = {
					BFCE619E1832428900A9E3AB = {
						TestTargetID = BFCE61771832428900A9E3AB;
					};
				};
			};
			buildConfigurationList = BFCE61731832428900A9E3AB /* Build configuration list for PBXProject "PageTest" */;
			compatibilityVersion = "Xcode 3.2";
			developmentRegion = English;
			hasScannedForEncodings = 0;
			knownRegions = (
				en,
				Base,
			);
			mainGroup = BFCE616F1832428900A9E3AB;
			productRefGroup = BFCE61791832428900A9E3AB /* Products */;
			projectDirPath = "";
			projectRoot = "";
			targets = (
				BFCE61771832428900A9E3AB /* PageTest */,
				BFCE619E1832428900A9E3AB /* PageTestTests */,
			);
		};
/* End PBXProject section */

/* Begin PBXResourcesBuildPhase section */
		BFCE61761832428900A9E3AB /* Resources */ = {
			isa = PBXResourcesBuildPhase;
			buildActionMask = 2147483647;
			files = (
				BFCE619A1832428900A9E3AB /* Images.xcassets in Resources */,
				BFCE61861832428900A9E3AB /* InfoPlist.strings in Resources */,
				BFCE61981832428900A9E3AB /* Main.storyboard in Resources */,
			);
			runOnlyForDeploymentPostprocessing = 0;
		};
		BFCE619D1832428900A9E3AB /* Resources */ = {
			isa = PBXResourcesBuildPhase;
			buildActionMask = 2147483647;
			files = (
				BFCE61AB1832428900A9E3AB /* InfoPlist.strings in Resources */,
			);
			runOnlyForDeploymentPostprocessing = 0;
		};
/* End PBXResourcesBuildPhase section */

/* Begin PBXSourcesBuildPhase section */
		BFCE61741832428900A9E3AB /* Sources */ = {
			isa = PBXSourcesBuildPhase;
			buildActionMask = 2147483647;
			files = (
				BFCE618F1832428900A9E3AB /* PageTestRootViewController.m in Sources */,
				BFCE61921832428900A9E3AB /* PageTestDataViewController.m in Sources */,
				BFCE61881832428900A9E3AB /* main.m in Sources */,
				BFCE618C1832428900A9E3AB /* PageTestAppDelegate.m in Sources */,
				BFCE61951832428900A9E3AB /* PageTestModelController.m in Sources */,
			);
			runOnlyForDeploymentPostprocessing = 0;
		};
		BFCE619B1832428900A9E3AB /* Sources */ = {
			isa = PBXSourcesBuildPhase;
			buildActionMask = 2147483647;
			files = (
				BFCE61AD1832428900A9E3AB /* PageTestTests.m in Sources */,
			);
			runOnlyForDeploymentPostprocessing = 0;
		};
/* End PBXSourcesBuildPhase section */

/* Begin PBXTargetDependency section */
		BFCE61A51832428900A9E3AB /* PBXTargetDependency */ = {
			isa = PBXTargetDependency;
			target = BFCE61771832428900A9E3AB /* PageTest */;
			targetProxy = BFCE61A41832428900A9E3AB /* PBXContainerItemProxy */;
		};
/* End PBXTargetDependency section */

/* Begin PBXVariantGroup section */
		BFCE61841832428900A9E3AB /* InfoPlist.strings */ = {
			isa = PBXVariantGroup;
			children = (
				BFCE61851832428900A9E3AB /* en */,
			);
			name = InfoPlist.strings;
			sourceTree = "<group>";
		};
		BFCE61961832428900A9E3AB /* Main.storyboard */ = {
			isa = PBXVariantGroup;
			children = (
				BFCE61971832428900A9E3AB /* Base */,
			);
			name = Main.storyboard;
			sourceTree = "<group>";
		};
		BFCE61A91832428900A9E3AB /* InfoPlist.strings */ = {
			isa = PBXVariantGroup;
			children = (
				BFCE61AA1832428900A9E3AB /* en */,
			);
			name = InfoPlist.strings;
			sourceTree = "<group>";
		};
/* End PBXVariantGroup section */

/* Begin XCBuildConfiguration section */
		BFCE61AE1832428900A9E3AB /* Debug */ = {
			isa = XCBuildConfiguration;
			buildSettings = {
				ALWAYS_SEARCH_USER_PATHS = NO;
				ARCHS = "$(ARCHS_STANDARD_INCLUDING_64_BIT)";
				CLANG_CXX_LANGUAGE_STANDARD = "gnu++0x";
				CLANG_CXX_LIBRARY = "libc++";
				CLANG_ENABLE_MODULES = YES;
				CLANG_ENABLE_OBJC_ARC = YES;
				CLANG_WARN_BOOL_CONVERSION = YES;
				CLANG_WARN_CONSTANT_CONVERSION = YES;
				CLANG_WARN_DIRECT_OBJC_ISA_USAGE = YES_ERROR;
				CLANG_WARN_EMPTY_BODY = YES;
				CLANG_WARN_ENUM_CONVERSION = YES;
				CLANG_WARN_INT_CONVERSION = YES;
				CLANG_WARN_OBJC_ROOT_CLASS = YES_ERROR;
				CLANG_WARN__DUPLICATE_METHOD_MATCH = YES;
				"CODE_SIGN_IDENTITY[sdk=iphoneos*]" = "iPhone Developer";
				COPY_PHASE_STRIP = NO;
				GCC_C_LANGUAGE_STANDARD = gnu99;
				GCC_DYNAMIC_NO_PIC = NO;
				GCC_OPTIMIZATION_LEVEL = 0;
				GCC_PREPROCESSOR_DEFINITIONS = (
					"DEBUG=1",
					"$(inherited)",
				);
				GCC_SYMBOLS_PRIVATE_EXTERN = NO;
				GCC_WARN_64_TO_32_BIT_CONVERSION = YES;
				GCC_WARN_ABOUT_RETURN_TYPE = YES_ERROR;
				GCC_WARN_UNDECLARED_SELECTOR = YES;
				GCC_WARN_UNINITIALIZED_AUTOS = YES;
				GCC_WARN_UNUSED_FUNCTION = YES;
				GCC_WARN_UNUSED_VARIABLE = YES;
				IPHONEOS_DEPLOYMENT_TARGET = 7.0;
				ONLY_ACTIVE_ARCH = YES;
				SDKROOT = iphoneos;
			};
			name = Debug;
		};
		BFCE61AF1832428900A9E3AB /* Release */ = {
			isa = XCBuildConfiguration;
			buildSettings = {
				ALWAYS_SEARCH_USER_PATHS = NO;
				ARCHS = "$(ARCHS_STANDARD_INCLUDING_64_BIT)";
				CLANG_CXX_LANGUAGE_STANDARD = "gnu++0x";
				CLANG_CXX_LIBRARY = "libc++";
				CLANG_ENABLE_MODULES = YES;
				CLANG_ENABLE_OBJC_ARC = YES;
				CLANG_WARN_BOOL_CONVERSION = YES;
				CLANG_WARN_CONSTANT_CONVERSION = YES;
				CLANG_WARN_DIRECT_OBJC_ISA_USAGE = YES_ERROR;
				CLANG_WARN_EMPTY_BODY = YES;
				CLANG_WARN_ENUM_CONVERSION = YES;
				CLANG_WARN_INT_CONVERSION = YES;
				CLANG_WARN_OBJC_ROOT_CLASS = YES_ERROR;
				CLANG_WARN__DUPLICATE_METHOD_MATCH = YES;
				"CODE_SIGN_IDENTITY[sdk=iphoneos*]" = "iPhone Developer";
				COPY_PHASE_STRIP = YES;
				ENABLE_NS_ASSERTIONS = NO;
				GCC_C_LANGUAGE_STANDARD = gnu99;
				GCC_WARN_64_TO_32_BIT_CONVERSION = YES;
				GCC_WARN_ABOUT_RETURN_TYPE = YES_ERROR;
				GCC_WARN_UNDECLARED_SELECTOR = YES;
				GCC_WARN_UNINITIALIZED_AUTOS = YES;
				GCC_WARN_UNUSED_FUNCTION = YES;
				GCC_WARN_UNUSED_VARIABLE = YES;
				IPHONEOS_DEPLOYMENT_TARGET = 7.0;
				SDKROOT = iphoneos;
				VALIDATE_PRODUCT = YES;
			};
			name = Release;
		};
		BFCE61B11832428900A9E3AB /* Debug */ = {
			isa = XCBuildConfiguration;
			buildSettings = {
				ASSETCATALOG_COMPILER_APPICON_NAME = AppIcon;
				ASSETCATALOG_COMPILER_LAUNCHIMAGE_NAME = LaunchImage;
				GCC_PRECOMPILE_PREFIX_HEADER = YES;
				GCC_PREFIX_HEADER = "PageTest/PageTest-Prefix.pch";
				INFOPLIST_FILE = "PageTest/PageTest-Info.plist";
				PRODUCT_NAME = "$(TARGET_NAME)";
				WRAPPER_EXTENSION = app;
			};
			name = Debug;
		};
		BFCE61B21832428900A9E3AB /* Release */ = {
			isa = XCBuildConfiguration;
			buildSettings = {
				ASSETCATALOG_COMPILER_APPICON_NAME = AppIcon;
				ASSETCATALOG_COMPILER_LAUNCHIMAGE_NAME = LaunchImage;
				GCC_PRECOMPILE_PREFIX_HEADER = YES;
				GCC_PREFIX_HEADER = "PageTest/PageTest-Prefix.pch";
				INFOPLIST_FILE = "PageTest/PageTest-Info.plist";
				PRODUCT_NAME = "$(TARGET_NAME)";
				WRAPPER_EXTENSION = app;
			};
			name = Release;
		};
		BFCE61B41832428900A9E3AB /* Debug */ = {
			isa = XCBuildConfiguration;
			buildSettings = {
				ARCHS = "$(ARCHS_STANDARD_INCLUDING_64_BIT)";
				BUNDLE_LOADER = "$(BUILT_PRODUCTS_DIR)/PageTest.app/PageTest";
				FRAMEWORK_SEARCH_PATHS = (
					"$(SDKROOT)/Developer/Library/Frameworks",
					"$(inherited)",
					"$(DEVELOPER_FRAMEWORKS_DIR)",
				);
				GCC_PRECOMPILE_PREFIX_HEADER = YES;
				GCC_PREFIX_HEADER = "PageTest/PageTest-Prefix.pch";
				GCC_PREPROCESSOR_DEFINITIONS = (
					"DEBUG=1",
					"$(inherited)",
				);
				INFOPLIST_FILE = "PageTestTests/PageTestTests-Info.plist";
				PRODUCT_NAME = "$(TARGET_NAME)";
				TEST_HOST = "$(BUNDLE_LOADER)";
				WRAPPER_EXTENSION = xctest;
			};
			name = Debug;
		};
		BFCE61B51832428900A9E3AB /* Release */ = {
			isa = XCBuildConfiguration;
			buildSettings = {
				ARCHS = "$(ARCHS_STANDARD_INCLUDING_64_BIT)";
				BUNDLE_LOADER = "$(BUILT_PRODUCTS_DIR)/PageTest.app/PageTest";
				FRAMEWORK_SEARCH_PATHS = (
					"$(SDKROOT)/Developer/Library/Frameworks",
					"$(inherited)",
					"$(DEVELOPER_FRAMEWORKS_DIR)",
				);
				GCC_PRECOMPILE_PREFIX_HEADER = YES;
				GCC_PREFIX_HEADER = "PageTest/PageTest-Prefix.pch";
				INFOPLIST_FILE = "PageTestTests/PageTestTests-Info.plist";
				PRODUCT_NAME = "$(TARGET_NAME)";
				TEST_HOST = "$(BUNDLE_LOADER)";
				WRAPPER_EXTENSION = xctest;
			};
			name = Release;
		};
/* End XCBuildConfiguration section */

/* Begin XCConfigurationList section */
		BFCE61731832428900A9E3AB /* Build configuration list for PBXProject "PageTest" */ = {
			isa = XCConfigurationList;
			buildConfigurations = (
				BFCE61AE1832428900A9E3AB /* Debug */,
				BFCE61AF1832428900A9E3AB /* Release */,
			);
			defaultConfigurationIsVisible = 0;
			defaultConfigurationName = Release;
		};
		BFCE61B01832428900A9E3AB /* Build configuration list for PBXNativeTarget "PageTest" */ = {
			isa = XCConfigurationList;
			buildConfigurations = (
				BFCE61B11832428900A9E3AB /* Debug */,
				BFCE61B21832428900A9E3AB /* Release */,
			);
			defaultConfigurationIsVisible = 0;
		};
		BFCE61B31832428900A9E3AB /* Build configuration list for PBXNativeTarget "PageTestTests" */ = {
			isa = XCConfigurationList;
			buildConfigurations = (
				BFCE61B41832428900A9E3AB /* Debug */,
				BFCE61B51832428900A9E3AB /* Release */,
			);
			defaultConfigurationIsVisible = 0;
		};
/* End XCConfigurationList section */
	};
	rootObject = BFCE61701832428900A9E3AB /* Project object */;
}
